
Microsoft Visual Studio Solution File, Format Version 12.00
# Visual Studio Version 16
VisualStudioVersion = 16.0.30104.148
MinimumVisualStudioVersion = 10.0.40219.1
Project("{2150E333-8FDC-42A3-9474-1A3956D46DE8}") = "api", "api", "{59FE7EEA-03FC-4FDD-8A23-8E2FE7A44FA2}"
EndProject
Project("{2150E333-8FDC-42A3-9474-1A3956D46DE8}") = "security", "security", "{08582805-4B18-434C-82F5-4928B4241324}"
EndProject
Project("{2150E333-8FDC-42A3-9474-1A3956D46DE8}") = "gateway", "gateway", "{1125C45D-C5B4-4AA0-B396-7EDC3AAB7EF3}"
EndProject
Project("{2150E333-8FDC-42A3-9474-1A3956D46DE8}") = "core", "core", "{7A2587AC-0709-4462-812D-3871A59343C1}"
EndProject
Project("{2150E333-8FDC-42A3-9474-1A3956D46DE8}") = "data", "data", "{7FA87D7C-7DE0-40EE-A3FE-370E5D71A8D5}"
EndProject
Project("{2150E333-8FDC-42A3-9474-1A3956D46DE8}") = "webapi", "webapi", "{5210502A-9137-4355-9481-276E42F1085A}"
EndProject
Project("{2150E333-8FDC-42A3-9474-1A3956D46DE8}") = "test", "test", "{9E80F1BA-9614-485C-9CE6-445D629F3B27}"
EndProject
Project("{2150E333-8FDC-42A3-9474-1A3956D46DE8}") = "domain", "domain", "{273B717C-5A26-4372-83DB-34BF7602A294}"
EndProject
Project("{2150E333-8FDC-42A3-9474-1A3956D46DE8}") = "communication", "communication", "{9D981BAD-98CA-46A4-B305-8FCAD5E236AA}"
EndProject
Project("{2150E333-8FDC-42A3-9474-1A3956D46DE8}") = "apps", "apps", "{82D828E7-07D0-47E8-AD7B-52065043F5C0}"
EndProject
Project("{2150E333-8FDC-42A3-9474-1A3956D46DE8}") = "logistics-app", "logistics-app", "{04988F5A-D097-4352-B13E-2C310D0C0A63}"
EndProject
Project("{2150E333-8FDC-42A3-9474-1A3956D46DE8}") = "domain", "domain", "{6EA7D140-5CA6-4BDB-9AE3-664FA715FA19}"
EndProject
Project("{9A19103F-16F7-4668-BE54-9A1E7A4F7556}") = "Devkit.Gateway", "apps\core\api\gateway\Devkit.Gateway\Devkit.Gateway.csproj", "{DB35959D-2EB7-441B-9A00-B04AF2488CED}"
EndProject
Project("{9A19103F-16F7-4668-BE54-9A1E7A4F7556}") = "Devkit.Security", "apps\core\api\security\Devkit.Security\Devkit.Security.csproj", "{DB54D29A-0DBD-4F63-84AC-ED1FEF0A0592}"
EndProject
Project("{9A19103F-16F7-4668-BE54-9A1E7A4F7556}") = "Devkit.Data", "apps\core\sdk\data\Devkit.Data\Devkit.Data.csproj", "{43A7C2DE-6358-4C43-94A6-82C2E1AF112D}"
EndProject
Project("{9A19103F-16F7-4668-BE54-9A1E7A4F7556}") = "Devkit.Patterns", "apps\core\sdk\patterns\Devkit.Patterns\Devkit.Patterns.csproj", "{9C4C8F6A-4226-470C-8FFA-98932C527924}"
EndProject
Project("{9A19103F-16F7-4668-BE54-9A1E7A4F7556}") = "Devkit.ServiceBus", "apps\core\sdk\communication\Devkit.ServiceBus\Devkit.ServiceBus.csproj", "{C7E6163C-3A1E-46DC-B2C9-2471FF33789A}"
EndProject
Project("{9A19103F-16F7-4668-BE54-9A1E7A4F7556}") = "Devkit.Test", "apps\core\sdk\test\Devkit.Test\Devkit.Test.csproj", "{51F44ADA-782E-4AD0-ABE9-6220189DE8D3}"
EndProject
Project("{9A19103F-16F7-4668-BE54-9A1E7A4F7556}") = "Devkit.WebAPI", "apps\core\sdk\webapi\Devkit.WebAPI\Devkit.WebAPI.csproj", "{740BCB64-D1C7-4FC1-9913-216CB65DEC91}"
EndProject
Project("{2150E333-8FDC-42A3-9474-1A3956D46DE8}") = "vehicle", "vehicle", "{D2FABC78-F1FC-4C3F-9921-15D8C4356E36}"
EndProject
Project("{9A19103F-16F7-4668-BE54-9A1E7A4F7556}") = "Logistics.Vehicles.API", "apps\logistics-app\domain\vehicle\Logistics.Vehicles.API\Logistics.Vehicles.API.csproj", "{C4EF27D9-F46E-46D3-BD67-46D320E5CA34}"
EndProject
Project("{2150E333-8FDC-42A3-9474-1A3956D46DE8}") = "sdk", "sdk", "{2BED9D70-56BD-4993-8169-4A493592C998}"
EndProject
Project("{2150E333-8FDC-42A3-9474-1A3956D46DE8}") = "order", "order", "{043A5542-4A83-42A2-B25A-C7F1C1FE8EB6}"
EndProject
Project("{9A19103F-16F7-4668-BE54-9A1E7A4F7556}") = "Logistics.Orders.API", "apps\logistics-app\domain\order\Logistics.Orders.API\Logistics.Orders.API.csproj", "{7494D6B4-F3FD-4651-96CC-D9EA34FF75A8}"
EndProject
Project("{2150E333-8FDC-42A3-9474-1A3956D46DE8}") = "communication", "communication", "{A72031AE-0653-420B-8BF4-FCE88A4F567D}"
EndProject
Project("{9A19103F-16F7-4668-BE54-9A1E7A4F7556}") = "Logistics.Communication.Payments", "apps\logistics-app\communication\Logistics.Communication.Payments\Logistics.Communication.Payments.csproj", "{3453CDCB-D207-4CF0-BA3E-B3720A990D72}"
EndProject
Project("{E53339B2-1760-4266-BCC7-CA923CBCF16C}") = "docker-compose", "..\docker-compose.dcproj", "{8B6AA147-6301-4820-99F9-1324C5D285AB}"
EndProject
Project("{9A19103F-16F7-4668-BE54-9A1E7A4F7556}") = "Devkit.Security.Test", "tests\Devkit.Security.Test\Devkit.Security.Test.csproj", "{A869F76A-0F29-413D-9615-E8B2BFABCA06}"
EndProject
Project("{9A19103F-16F7-4668-BE54-9A1E7A4F7556}") = "Logistics.Orders.Test", "tests\Logistics.Orders.Test\Logistics.Orders.Test.csproj", "{5AA1C149-8440-4B52-9957-DC9F58AD3E60}"
EndProject
Project("{9A19103F-16F7-4668-BE54-9A1E7A4F7556}") = "Logistics.Vehicles.Test", "tests\Logistics.Vehicles.Test\Logistics.Vehicles.Test.csproj", "{EA9E7214-26A6-4095-99CF-7CBA73564751}"
EndProject
Project("{2150E333-8FDC-42A3-9474-1A3956D46DE8}") = "Solution Items", "Solution Items", "{6BA7463F-2470-4F5F-9F78-9E6BC5858419}"
	ProjectSection(SolutionItems) = preProject
		.editorconfig = .editorconfig
	EndProjectSection
EndProject
Project("{9A19103F-16F7-4668-BE54-9A1E7A4F7556}") = "Devkit.Http", "apps\core\sdk\communication\Devkit.Http\Devkit.Http.csproj", "{1BC4B329-CF89-43D3-A914-03262D916D35}"
EndProject
Project("{2150E333-8FDC-42A3-9474-1A3956D46DE8}") = "store", "store", "{0ED99344-D2F6-488F-B5DA-2E45362FBB01}"
EndProject
Project("{9A19103F-16F7-4668-BE54-9A1E7A4F7556}") = "Logistics.Store.API", "apps\logistics-app\domain\store\Logistics.Accounting.API\Logistics.Store.API.csproj", "{0CBC568E-D33D-47B1-AAB9-35E521910F2C}"
EndProject
Project("{FAE04EC0-301F-11D3-BF4B-00C04F79EFBC}") = "Logistics.Store.Test", "tests\Logistics.Store.Test\Logistics.Store.Test.csproj", "{863038A6-7702-4741-94EB-DEBBB397BCB0}"
EndProject
Project("{2150E333-8FDC-42A3-9474-1A3956D46DE8}") = "payment", "payment", "{D320D27D-1E2E-4653-AC52-25C76BDCD4A2}"
EndProject
Project("{9A19103F-16F7-4668-BE54-9A1E7A4F7556}") = "Logistics.Payment", "apps\logistics-app\domain\store\payment\Logistics.Payment\Logistics.Payment.csproj", "{81B458EC-D26E-4F79-AB1A-2547AD871C92}"
EndProject
Project("{2150E333-8FDC-42A3-9474-1A3956D46DE8}") = "coins.ph", "coins.ph", "{7A3FEB90-1178-4A25-AC22-08E57CBCBB12}"
EndProject
Project("{9A19103F-16F7-4668-BE54-9A1E7A4F7556}") = "Logistics.Payment.CoinsPH", "apps\logistics-app\domain\store\payment\coins.ph\Logistics.Payment.CoinsPH\Logistics.Payment.CoinsPH.csproj", "{74064962-2899-40A5-A5C3-23DDD2FEED42}"
EndProject
Global
	GlobalSection(SolutionConfigurationPlatforms) = preSolution
		Debug|Any CPU = Debug|Any CPU
		Release|Any CPU = Release|Any CPU
	EndGlobalSection
	GlobalSection(ProjectConfigurationPlatforms) = postSolution
		{DB35959D-2EB7-441B-9A00-B04AF2488CED}.Debug|Any CPU.ActiveCfg = Debug|Any CPU
		{DB35959D-2EB7-441B-9A00-B04AF2488CED}.Debug|Any CPU.Build.0 = Debug|Any CPU
		{DB35959D-2EB7-441B-9A00-B04AF2488CED}.Release|Any CPU.ActiveCfg = Release|Any CPU
		{DB35959D-2EB7-441B-9A00-B04AF2488CED}.Release|Any CPU.Build.0 = Release|Any CPU
		{DB54D29A-0DBD-4F63-84AC-ED1FEF0A0592}.Debug|Any CPU.ActiveCfg = Debug|Any CPU
		{DB54D29A-0DBD-4F63-84AC-ED1FEF0A0592}.Debug|Any CPU.Build.0 = Debug|Any CPU
		{DB54D29A-0DBD-4F63-84AC-ED1FEF0A0592}.Release|Any CPU.ActiveCfg = Release|Any CPU
		{DB54D29A-0DBD-4F63-84AC-ED1FEF0A0592}.Release|Any CPU.Build.0 = Release|Any CPU
		{43A7C2DE-6358-4C43-94A6-82C2E1AF112D}.Debug|Any CPU.ActiveCfg = Debug|Any CPU
		{43A7C2DE-6358-4C43-94A6-82C2E1AF112D}.Debug|Any CPU.Build.0 = Debug|Any CPU
		{43A7C2DE-6358-4C43-94A6-82C2E1AF112D}.Release|Any CPU.ActiveCfg = Release|Any CPU
		{43A7C2DE-6358-4C43-94A6-82C2E1AF112D}.Release|Any CPU.Build.0 = Release|Any CPU
		{9C4C8F6A-4226-470C-8FFA-98932C527924}.Debug|Any CPU.ActiveCfg = Debug|Any CPU
		{9C4C8F6A-4226-470C-8FFA-98932C527924}.Debug|Any CPU.Build.0 = Debug|Any CPU
		{9C4C8F6A-4226-470C-8FFA-98932C527924}.Release|Any CPU.ActiveCfg = Release|Any CPU
		{9C4C8F6A-4226-470C-8FFA-98932C527924}.Release|Any CPU.Build.0 = Release|Any CPU
		{C7E6163C-3A1E-46DC-B2C9-2471FF33789A}.Debug|Any CPU.ActiveCfg = Debug|Any CPU
		{C7E6163C-3A1E-46DC-B2C9-2471FF33789A}.Debug|Any CPU.Build.0 = Debug|Any CPU
		{C7E6163C-3A1E-46DC-B2C9-2471FF33789A}.Release|Any CPU.ActiveCfg = Release|Any CPU
		{C7E6163C-3A1E-46DC-B2C9-2471FF33789A}.Release|Any CPU.Build.0 = Release|Any CPU
		{51F44ADA-782E-4AD0-ABE9-6220189DE8D3}.Debug|Any CPU.ActiveCfg = Debug|Any CPU
		{51F44ADA-782E-4AD0-ABE9-6220189DE8D3}.Debug|Any CPU.Build.0 = Debug|Any CPU
		{51F44ADA-782E-4AD0-ABE9-6220189DE8D3}.Release|Any CPU.ActiveCfg = Release|Any CPU
		{51F44ADA-782E-4AD0-ABE9-6220189DE8D3}.Release|Any CPU.Build.0 = Release|Any CPU
		{740BCB64-D1C7-4FC1-9913-216CB65DEC91}.Debug|Any CPU.ActiveCfg = Debug|Any CPU
		{740BCB64-D1C7-4FC1-9913-216CB65DEC91}.Debug|Any CPU.Build.0 = Debug|Any CPU
		{740BCB64-D1C7-4FC1-9913-216CB65DEC91}.Release|Any CPU.ActiveCfg = Release|Any CPU
		{740BCB64-D1C7-4FC1-9913-216CB65DEC91}.Release|Any CPU.Build.0 = Release|Any CPU
		{C4EF27D9-F46E-46D3-BD67-46D320E5CA34}.Debug|Any CPU.ActiveCfg = Debug|Any CPU
		{C4EF27D9-F46E-46D3-BD67-46D320E5CA34}.Debug|Any CPU.Build.0 = Debug|Any CPU
		{C4EF27D9-F46E-46D3-BD67-46D320E5CA34}.Release|Any CPU.ActiveCfg = Release|Any CPU
		{C4EF27D9-F46E-46D3-BD67-46D320E5CA34}.Release|Any CPU.Build.0 = Release|Any CPU
		{7494D6B4-F3FD-4651-96CC-D9EA34FF75A8}.Debug|Any CPU.ActiveCfg = Debug|Any CPU
		{7494D6B4-F3FD-4651-96CC-D9EA34FF75A8}.Debug|Any CPU.Build.0 = Debug|Any CPU
		{7494D6B4-F3FD-4651-96CC-D9EA34FF75A8}.Release|Any CPU.ActiveCfg = Release|Any CPU
		{7494D6B4-F3FD-4651-96CC-D9EA34FF75A8}.Release|Any CPU.Build.0 = Release|Any CPU
		{3453CDCB-D207-4CF0-BA3E-B3720A990D72}.Debug|Any CPU.ActiveCfg = Debug|Any CPU
		{3453CDCB-D207-4CF0-BA3E-B3720A990D72}.Debug|Any CPU.Build.0 = Debug|Any CPU
		{3453CDCB-D207-4CF0-BA3E-B3720A990D72}.Release|Any CPU.ActiveCfg = Release|Any CPU
		{3453CDCB-D207-4CF0-BA3E-B3720A990D72}.Release|Any CPU.Build.0 = Release|Any CPU
		{8B6AA147-6301-4820-99F9-1324C5D285AB}.Debug|Any CPU.ActiveCfg = Debug|Any CPU
		{8B6AA147-6301-4820-99F9-1324C5D285AB}.Debug|Any CPU.Build.0 = Debug|Any CPU
		{8B6AA147-6301-4820-99F9-1324C5D285AB}.Release|Any CPU.ActiveCfg = Release|Any CPU
		{8B6AA147-6301-4820-99F9-1324C5D285AB}.Release|Any CPU.Build.0 = Release|Any CPU
		{A869F76A-0F29-413D-9615-E8B2BFABCA06}.Debug|Any CPU.ActiveCfg = Debug|Any CPU
		{A869F76A-0F29-413D-9615-E8B2BFABCA06}.Debug|Any CPU.Build.0 = Debug|Any CPU
		{A869F76A-0F29-413D-9615-E8B2BFABCA06}.Release|Any CPU.ActiveCfg = Release|Any CPU
		{A869F76A-0F29-413D-9615-E8B2BFABCA06}.Release|Any CPU.Build.0 = Release|Any CPU
		{5AA1C149-8440-4B52-9957-DC9F58AD3E60}.Debug|Any CPU.ActiveCfg = Debug|Any CPU
		{5AA1C149-8440-4B52-9957-DC9F58AD3E60}.Debug|Any CPU.Build.0 = Debug|Any CPU
		{5AA1C149-8440-4B52-9957-DC9F58AD3E60}.Release|Any CPU.ActiveCfg = Release|Any CPU
		{5AA1C149-8440-4B52-9957-DC9F58AD3E60}.Release|Any CPU.Build.0 = Release|Any CPU
		{EA9E7214-26A6-4095-99CF-7CBA73564751}.Debug|Any CPU.ActiveCfg = Debug|Any CPU
		{EA9E7214-26A6-4095-99CF-7CBA73564751}.Debug|Any CPU.Build.0 = Debug|Any CPU
		{EA9E7214-26A6-4095-99CF-7CBA73564751}.Release|Any CPU.ActiveCfg = Release|Any CPU
		{EA9E7214-26A6-4095-99CF-7CBA73564751}.Release|Any CPU.Build.0 = Release|Any CPU
		{1BC4B329-CF89-43D3-A914-03262D916D35}.Debug|Any CPU.ActiveCfg = Debug|Any CPU
		{1BC4B329-CF89-43D3-A914-03262D916D35}.Debug|Any CPU.Build.0 = Debug|Any CPU
		{1BC4B329-CF89-43D3-A914-03262D916D35}.Release|Any CPU.ActiveCfg = Release|Any CPU
		{1BC4B329-CF89-43D3-A914-03262D916D35}.Release|Any CPU.Build.0 = Release|Any CPU
		{0CBC568E-D33D-47B1-AAB9-35E521910F2C}.Debug|Any CPU.ActiveCfg = Debug|Any CPU
		{0CBC568E-D33D-47B1-AAB9-35E521910F2C}.Debug|Any CPU.Build.0 = Debug|Any CPU
		{0CBC568E-D33D-47B1-AAB9-35E521910F2C}.Release|Any CPU.ActiveCfg = Release|Any CPU
		{0CBC568E-D33D-47B1-AAB9-35E521910F2C}.Release|Any CPU.Build.0 = Release|Any CPU
		{863038A6-7702-4741-94EB-DEBBB397BCB0}.Debug|Any CPU.ActiveCfg = Debug|Any CPU
		{863038A6-7702-4741-94EB-DEBBB397BCB0}.Debug|Any CPU.Build.0 = Debug|Any CPU
		{863038A6-7702-4741-94EB-DEBBB397BCB0}.Release|Any CPU.ActiveCfg = Release|Any CPU
		{863038A6-7702-4741-94EB-DEBBB397BCB0}.Release|Any CPU.Build.0 = Release|Any CPU
		{81B458EC-D26E-4F79-AB1A-2547AD871C92}.Debug|Any CPU.ActiveCfg = Debug|Any CPU
		{81B458EC-D26E-4F79-AB1A-2547AD871C92}.Debug|Any CPU.Build.0 = Debug|Any CPU
		{81B458EC-D26E-4F79-AB1A-2547AD871C92}.Release|Any CPU.ActiveCfg = Release|Any CPU
		{81B458EC-D26E-4F79-AB1A-2547AD871C92}.Release|Any CPU.Build.0 = Release|Any CPU
		{74064962-2899-40A5-A5C3-23DDD2FEED42}.Debug|Any CPU.ActiveCfg = Debug|Any CPU
		{74064962-2899-40A5-A5C3-23DDD2FEED42}.Debug|Any CPU.Build.0 = Debug|Any CPU
		{74064962-2899-40A5-A5C3-23DDD2FEED42}.Release|Any CPU.ActiveCfg = Release|Any CPU
		{74064962-2899-40A5-A5C3-23DDD2FEED42}.Release|Any CPU.Build.0 = Release|Any CPU
	EndGlobalSection
	GlobalSection(SolutionProperties) = preSolution
		HideSolutionNode = FALSE
	EndGlobalSection
	GlobalSection(NestedProjects) = preSolution
		{59FE7EEA-03FC-4FDD-8A23-8E2FE7A44FA2} = {7A2587AC-0709-4462-812D-3871A59343C1}
		{08582805-4B18-434C-82F5-4928B4241324} = {59FE7EEA-03FC-4FDD-8A23-8E2FE7A44FA2}
		{1125C45D-C5B4-4AA0-B396-7EDC3AAB7EF3} = {59FE7EEA-03FC-4FDD-8A23-8E2FE7A44FA2}
		{7A2587AC-0709-4462-812D-3871A59343C1} = {82D828E7-07D0-47E8-AD7B-52065043F5C0}
		{7FA87D7C-7DE0-40EE-A3FE-370E5D71A8D5} = {2BED9D70-56BD-4993-8169-4A493592C998}
		{5210502A-9137-4355-9481-276E42F1085A} = {2BED9D70-56BD-4993-8169-4A493592C998}
		{9E80F1BA-9614-485C-9CE6-445D629F3B27} = {2BED9D70-56BD-4993-8169-4A493592C998}
		{273B717C-5A26-4372-83DB-34BF7602A294} = {2BED9D70-56BD-4993-8169-4A493592C998}
		{9D981BAD-98CA-46A4-B305-8FCAD5E236AA} = {2BED9D70-56BD-4993-8169-4A493592C998}
		{04988F5A-D097-4352-B13E-2C310D0C0A63} = {82D828E7-07D0-47E8-AD7B-52065043F5C0}
		{6EA7D140-5CA6-4BDB-9AE3-664FA715FA19} = {04988F5A-D097-4352-B13E-2C310D0C0A63}
		{DB35959D-2EB7-441B-9A00-B04AF2488CED} = {1125C45D-C5B4-4AA0-B396-7EDC3AAB7EF3}
		{DB54D29A-0DBD-4F63-84AC-ED1FEF0A0592} = {08582805-4B18-434C-82F5-4928B4241324}
		{43A7C2DE-6358-4C43-94A6-82C2E1AF112D} = {7FA87D7C-7DE0-40EE-A3FE-370E5D71A8D5}
		{9C4C8F6A-4226-470C-8FFA-98932C527924} = {273B717C-5A26-4372-83DB-34BF7602A294}
		{C7E6163C-3A1E-46DC-B2C9-2471FF33789A} = {9D981BAD-98CA-46A4-B305-8FCAD5E236AA}
		{51F44ADA-782E-4AD0-ABE9-6220189DE8D3} = {9E80F1BA-9614-485C-9CE6-445D629F3B27}
		{740BCB64-D1C7-4FC1-9913-216CB65DEC91} = {5210502A-9137-4355-9481-276E42F1085A}
		{D2FABC78-F1FC-4C3F-9921-15D8C4356E36} = {6EA7D140-5CA6-4BDB-9AE3-664FA715FA19}
		{C4EF27D9-F46E-46D3-BD67-46D320E5CA34} = {D2FABC78-F1FC-4C3F-9921-15D8C4356E36}
		{2BED9D70-56BD-4993-8169-4A493592C998} = {7A2587AC-0709-4462-812D-3871A59343C1}
		{043A5542-4A83-42A2-B25A-C7F1C1FE8EB6} = {6EA7D140-5CA6-4BDB-9AE3-664FA715FA19}
		{7494D6B4-F3FD-4651-96CC-D9EA34FF75A8} = {043A5542-4A83-42A2-B25A-C7F1C1FE8EB6}
		{A72031AE-0653-420B-8BF4-FCE88A4F567D} = {04988F5A-D097-4352-B13E-2C310D0C0A63}
		{3453CDCB-D207-4CF0-BA3E-B3720A990D72} = {A72031AE-0653-420B-8BF4-FCE88A4F567D}
		{A869F76A-0F29-413D-9615-E8B2BFABCA06} = {08582805-4B18-434C-82F5-4928B4241324}
		{5AA1C149-8440-4B52-9957-DC9F58AD3E60} = {043A5542-4A83-42A2-B25A-C7F1C1FE8EB6}
		{EA9E7214-26A6-4095-99CF-7CBA73564751} = {D2FABC78-F1FC-4C3F-9921-15D8C4356E36}
		{1BC4B329-CF89-43D3-A914-03262D916D35} = {9D981BAD-98CA-46A4-B305-8FCAD5E236AA}
		{0ED99344-D2F6-488F-B5DA-2E45362FBB01} = {6EA7D140-5CA6-4BDB-9AE3-664FA715FA19}
		{0CBC568E-D33D-47B1-AAB9-35E521910F2C} = {0ED99344-D2F6-488F-B5DA-2E45362FBB01}
		{863038A6-7702-4741-94EB-DEBBB397BCB0} = {0ED99344-D2F6-488F-B5DA-2E45362FBB01}
		{D320D27D-1E2E-4653-AC52-25C76BDCD4A2} = {0ED99344-D2F6-488F-B5DA-2E45362FBB01}
		{81B458EC-D26E-4F79-AB1A-2547AD871C92} = {D320D27D-1E2E-4653-AC52-25C76BDCD4A2}
		{7A3FEB90-1178-4A25-AC22-08E57CBCBB12} = {D320D27D-1E2E-4653-AC52-25C76BDCD4A2}
		{74064962-2899-40A5-A5C3-23DDD2FEED42} = {7A3FEB90-1178-4A25-AC22-08E57CBCBB12}
	EndGlobalSection
	GlobalSection(ExtensibilityGlobals) = postSolution
		SolutionGuid = {7CB26808-EA64-43A5-A46D-09BC1E09502D}
	EndGlobalSection
EndGlobal
